{
  "name": "show-time",
  "version": "1.0.0",
  "lockfileVersion": 1,
  "requires": true,
  "dependencies": {
    "@types/node": {
      "version": "14.0.24",
      "resolved": "https://registry.npmjs.org/@types/node/-/node-14.0.24.tgz",
      "integrity": "sha512-btt/oNOiDWcSuI721MdL8VQGnjsKjlTMdrKyTcLCKeQp/n4AAMFJ961wMbp+09y8WuGPClDEv07RIItdXKIXAA=="
    },
    "any-promise": {
      "version": "1.3.0",
      "resolved": "https://registry.npmjs.org/any-promise/-/any-promise-1.3.0.tgz",
      "integrity": "sha1-q8av7tzqUugJzcA3au0845Y10X8="
    },
    "buffer-writer": {
      "version": "2.0.0",
      "resolved": "https://registry.npmjs.org/buffer-writer/-/buffer-writer-2.0.0.tgz",
      "integrity": "sha512-a7ZpuTZU1TRtnwyCNW3I5dc0wWNC3VR9S++Ewyk2HHZdrO3CQJqSpd+95Us590V6AL7JqUAH2IwZ/398PmNFgw=="
    },
    "debug": {
      "version": "4.1.1",
      "resolved": "https://registry.npmjs.org/debug/-/debug-4.1.1.tgz",
      "integrity": "sha512-pYAIzeRo8J6KPEaJ0VWOh5Pzkbw/RetuzehGM7QRRX5he4fPHx2rdKMB256ehJCkX+XRQm16eZLqLNS8RSZXZw==",
      "requires": {
        "ms": "^2.1.1"
      }
    },
    "dottie": {
      "version": "2.0.2",
      "resolved": "https://registry.npmjs.org/dottie/-/dottie-2.0.2.tgz",
      "integrity": "sha512-fmrwR04lsniq/uSr8yikThDTrM7epXHBAAjH9TbeH3rEA8tdCO7mRzB9hdmdGyJCxF8KERo9CITcm3kGuoyMhg=="
    },
    "hapi": {
      "version": "18.1.0",
      "resolved": "https://registry.npmjs.org/hapi/-/hapi-18.1.0.tgz",
      "integrity": "sha512-nSU1VLyTAgp7P5gy47QzJIP2JAb+wOFvJIV3gnL0lFj/mD+HuTXhyUsDYXjF/dhADMVXVEz31z6SUHBJhtsvGA==",
      "requires": {
        "accept": "3.x.x",
        "ammo": "3.x.x",
        "boom": "7.x.x",
        "bounce": "1.x.x",
        "call": "5.x.x",
        "catbox": "10.x.x",
        "catbox-memory": "4.x.x",
        "heavy": "6.x.x",
        "hoek": "6.x.x",
        "joi": "14.x.x",
        "mimos": "4.x.x",
        "podium": "3.x.x",
        "shot": "4.x.x",
        "somever": "2.x.x",
        "statehood": "6.x.x",
        "subtext": "6.x.x",
        "teamwork": "3.x.x",
        "topo": "3.x.x"
      },
      "dependencies": {
        "accept": {
          "version": "3.1.3",
          "resolved": "https://registry.npmjs.org/accept/-/accept-3.1.3.tgz",
          "integrity": "sha512-OgOEAidVEOKPup+Gv2+2wdH2AgVKI9LxsJ4hicdJ6cY0faUuZdZoi56kkXWlHp9qicN1nWQLmW5ZRGk+SBS5xg=="
        },
        "ammo": {
          "version": "3.0.3",
          "resolved": "https://registry.npmjs.org/ammo/-/ammo-3.0.3.tgz",
          "integrity": "sha512-vo76VJ44MkUBZL/BzpGXaKzMfroF4ZR6+haRuw9p+eSWfoNaH2AxVc8xmiEPC08jhzJSeM6w7/iMUGet8b4oBQ=="
        },
        "b64": {
          "version": "4.1.2",
          "resolved": "https://registry.npmjs.org/b64/-/b64-4.1.2.tgz",
          "integrity": "sha512-+GUspBxlH3CJaxMUGUE1EBoWM6RKgWiYwUDal0qdf8m3ArnXNN1KzKVo5HOnE/FSq4HHyWf3TlHLsZI8PKQgrQ=="
        },
        "boom": {
          "version": "7.3.0",
          "resolved": "https://registry.npmjs.org/boom/-/boom-7.3.0.tgz",
          "integrity": "sha512-Swpoyi2t5+GhOEGw8rEsKvTxFLIDiiKoUc2gsoV6Lyr43LHBIzch3k2MvYUs8RTROrIkVJ3Al0TkaOGjnb+B6A=="
        },
        "bounce": {
          "version": "1.2.3",
          "resolved": "https://registry.npmjs.org/bounce/-/bounce-1.2.3.tgz",
          "integrity": "sha512-3G7B8CyBnip5EahCZJjnvQ1HLyArC6P5e+xcolo13BVI9ogFaDOsNMAE7FIWliHtIkYI8/nTRCvCY9tZa3Mu4g=="
        },
        "bourne": {
          "version": "1.1.1",
          "resolved": "https://registry.npmjs.org/bourne/-/bourne-1.1.1.tgz",
          "integrity": "sha512-Ou0l3W8+n1FuTOoIfIrCk9oF9WVWc+9fKoAl67XQr9Ws0z7LgILRZ7qtc9xdT4BveSKtnYXfKPgn8pFAqeQRew=="
        },
        "call": {
          "version": "5.0.3",
          "resolved": "https://registry.npmjs.org/call/-/call-5.0.3.tgz",
          "integrity": "sha512-eX16KHiAYXugbFu6VifstSdwH6aMuWWb4s0qvpq1nR1b+Sf+u68jjttg8ixDBEldPqBi30bDU35OJQWKeTLKxg=="
        },
        "catbox": {
          "version": "10.0.6",
          "resolved": "https://registry.npmjs.org/catbox/-/catbox-10.0.6.tgz",
          "integrity": "sha512-gQWCnF/jbHcfwGbQ4FQxyRiAwLRipqWTTXjpq7rTqqdcsnZosFa0L3LsCZcPTF33QIeMMkS7QmFBHt6QdzGPvg=="
        },
        "catbox-memory": {
          "version": "4.0.1",
          "resolved": "https://registry.npmjs.org/catbox-memory/-/catbox-memory-4.0.1.tgz",
          "integrity": "sha512-ZmqNiLsYCIu9qvBJ/MQbznDV2bFH5gFiH67TgIJgSSffJFtTXArT+MM3AvJQlby9NSkLHOX4eH/uuUqnch/Ldw=="
        },
        "content": {
          "version": "4.0.6",
          "resolved": "https://registry.npmjs.org/content/-/content-4.0.6.tgz",
          "integrity": "sha512-lR9ND3dXiMdmsE84K6l02rMdgiBVmtYWu1Vr/gfSGHcIcznBj2QxmSdUgDuNFOA+G9yrb1IIWkZ7aKtB6hDGyA=="
        },
        "cryptiles": {
          "version": "4.1.3",
          "resolved": "https://registry.npmjs.org/cryptiles/-/cryptiles-4.1.3.tgz",
          "integrity": "sha512-gT9nyTMSUC1JnziQpPbxKGBbUg8VL7Zn2NB4E1cJYvuXdElHrwxrV9bmltZGDzet45zSDGyYceueke1TjynGzw=="
        },
        "heavy": {
          "version": "6.1.2",
          "resolved": "https://registry.npmjs.org/heavy/-/heavy-6.1.2.tgz",
          "integrity": "sha512-cJp884bqhiebNcEHydW0g6V1MUGYOXRPw9c7MFiHQnuGxtbWuSZpsbojwb2kxb3AA1/Rfs8CNiV9MMOF8pFRDg=="
        },
        "hoek": {
          "version": "6.1.2",
          "resolved": "https://registry.npmjs.org/hoek/-/hoek-6.1.2.tgz",
          "integrity": "sha512-6qhh/wahGYZHFSFw12tBbJw5fsAhhwrrG/y3Cs0YMTv2WzMnL0oLPnQJjv1QJvEfylRSOFuP+xCu+tdx0tD16Q=="
        },
        "iron": {
          "version": "5.0.6",
          "resolved": "https://registry.npmjs.org/iron/-/iron-5.0.6.tgz",
          "integrity": "sha512-zYUMOSkEXGBdwlV/AXF9zJC0aLuTJUKHkGeYS5I2g225M5i6SrxQyGJGhPgOR8BK1omL6N5i6TcwfsXbP8/Exw=="
        },
        "joi": {
          "version": "14.3.1",
          "resolved": "https://registry.npmjs.org/joi/-/joi-14.3.1.tgz",
          "integrity": "sha512-LQDdM+pkOrpAn4Lp+neNIFV3axv1Vna3j38bisbQhETPMANYRbFJFUyOZcOClYvM/hppMhGWuKSFEK9vjrB+bQ=="
        },
        "mime-db": {
          "version": "1.37.0",
          "resolved": "https://registry.npmjs.org/mime-db/-/mime-db-1.37.0.tgz",
          "integrity": "sha512-R3C4db6bgQhlIhPU48fUtdVmKnflq+hRdad7IyKhtFj06VPNVdk2RhiYL3UjQIlso8L+YxAtFkobT0VK+S/ybg=="
        },
        "mimos": {
          "version": "4.0.2",
          "resolved": "https://registry.npmjs.org/mimos/-/mimos-4.0.2.tgz",
          "integrity": "sha512-5XBsDqBqzSN88XPPH/TFpOalWOjHJM5Z2d3AMx/30iq+qXvYKd/8MPhqBwZDOLtoaIWInR3nLzMQcxfGK9djXA=="
        },
        "nigel": {
          "version": "3.0.4",
          "resolved": "https://registry.npmjs.org/nigel/-/nigel-3.0.4.tgz",
          "integrity": "sha512-3SZCCS/duVDGxFpTROHEieC+itDo4UqL9JNUyQJv3rljudQbK6aqus5B4470OxhESPJLN93Qqxg16rH7DUjbfQ=="
        },
        "pez": {
          "version": "4.0.5",
          "resolved": "https://registry.npmjs.org/pez/-/pez-4.0.5.tgz",
          "integrity": "sha512-HvL8uiFIlkXbx/qw4B8jKDCWzo7Pnnd65Uvanf9OOCtb20MRcb9gtTVBf9NCnhETif1/nzbDHIjAWC/sUp7LIQ=="
        },
        "podium": {
          "version": "3.2.0",
          "resolved": "https://registry.npmjs.org/podium/-/podium-3.2.0.tgz",
          "integrity": "sha512-rbwvxwVkI6gRRlxZQ1zUeafrpGxZ7QPHIheinehAvGATvGIPfWRkaTeWedc5P4YjXJXEV8ZbBxPtglNylF9hjw=="
        },
        "shot": {
          "version": "4.0.7",
          "resolved": "https://registry.npmjs.org/shot/-/shot-4.0.7.tgz",
          "integrity": "sha512-RKaKAGKxJ11EjJl0cf2fYVSsd4KB5Cncb9J0v7w+0iIaXpxNqFWTYNDNhBX7f0XSyDrjOH9a4OWZ9Gp/ZML+ew=="
        },
        "somever": {
          "version": "2.0.0",
          "resolved": "https://registry.npmjs.org/somever/-/somever-2.0.0.tgz",
          "integrity": "sha512-9JaIPP+HxwYGqCDqqK3tRaTqdtQHoK6Qy3IrXhIt2q5x8fs8RcfU7BMWlFTCOgFazK8p88zIv1tHQXvAwtXMyw=="
        },
        "statehood": {
          "version": "6.0.9",
          "resolved": "https://registry.npmjs.org/statehood/-/statehood-6.0.9.tgz",
          "integrity": "sha512-jbFg1+MYEqfC7ABAoWZoeF4cQUtp3LUvMDUGExL76cMmleBHG7I6xlZFsE8hRi7nEySIvutHmVlLmBe9+2R5LQ=="
        },
        "subtext": {
          "version": "6.0.12",
          "resolved": "https://registry.npmjs.org/subtext/-/subtext-6.0.12.tgz",
          "integrity": "sha512-yT1wCDWVgqvL9BIkWzWqgj5spUSYo/Enu09iUV8t2ZvHcr2tKGTGg2kc9tUpVEsdhp1ihsZeTAiDqh0TQciTPQ=="
        },
        "teamwork": {
          "version": "3.0.3",
          "resolved": "https://registry.npmjs.org/teamwork/-/teamwork-3.0.3.tgz",
          "integrity": "sha512-OCB56z+G70iA1A1OFoT+51TPzfcgN0ks75uN3yhxA+EU66WTz2BevNDK4YzMqfaL5tuAvxy4iFUn35/u8pxMaQ=="
        },
        "topo": {
          "version": "3.0.3",
          "resolved": "https://registry.npmjs.org/topo/-/topo-3.0.3.tgz",
          "integrity": "sha512-IgpPtvD4kjrJ7CRA3ov2FhWQADwv+Tdqbsf1ZnPUSAtCJ9e1Z44MmoSGDXGk4IppoZA7jd/QRkNddlLJWlUZsQ=="
        },
        "vise": {
          "version": "3.0.2",
          "resolved": "https://registry.npmjs.org/vise/-/vise-3.0.2.tgz",
          "integrity": "sha512-X52VtdRQbSBXdjcazRiY3eRgV3vTQ0B+7Wh8uC9cVv7lKfML5m9+9NHlbcgCY0R9EAqD1v/v7o9mhGh2A3ANFg=="
        },
        "wreck": {
          "version": "14.1.3",
          "resolved": "https://registry.npmjs.org/wreck/-/wreck-14.1.3.tgz",
          "integrity": "sha512-hb/BUtjX3ObbwO3slCOLCenQ4EP8e+n8j6FmTne3VhEFp5XV1faSJojiyxVSvw34vgdeTG5baLTl4NmjwokLlw=="
        }
      }
    },
    "inflection": {
      "version": "1.12.0",
      "resolved": "https://registry.npmjs.org/inflection/-/inflection-1.12.0.tgz",
      "integrity": "sha1-ogCTVlbW9fa8TcdQLhrstwMihBY="
    },
    "lodash": {
      "version": "4.17.19",
      "resolved": "https://registry.npmjs.org/lodash/-/lodash-4.17.19.tgz",
      "integrity": "sha512-JNvd8XER9GQX0v2qJgsaN/mzFCNA5BRe/j8JN9d+tWyGLSodKQHKFicdwNYzWwI3wjRnaKPsGj1XkBjx/F96DQ=="
    },
    "moment": {
      "version": "2.27.0",
      "resolved": "https://registry.npmjs.org/moment/-/moment-2.27.0.tgz",
      "integrity": "sha512-al0MUK7cpIcglMv3YF13qSgdAIqxHTO7brRtaz3DlSULbqfazqkc5kEjNrLDOM7fsjshoFIihnU8snrP7zUvhQ=="
    },
    "moment-timezone": {
      "version": "0.5.31",
      "resolved": "https://registry.npmjs.org/moment-timezone/-/moment-timezone-0.5.31.tgz",
      "integrity": "sha512-+GgHNg8xRhMXfEbv81iDtrVeTcWt0kWmTEY1XQK14dICTXnWJnT0dxdlPspwqF3keKMVPXwayEsk1DI0AA/jdA==",
      "requires": {
        "moment": ">= 2.9.0"
      }
    },
    "ms": {
      "version": "2.1.2",
      "resolved": "https://registry.npmjs.org/ms/-/ms-2.1.2.tgz",
      "integrity": "sha512-sGkPx+VjMtmA6MX27oA4FBFELFCZZ4S4XqeGOXCv68tT+jb3vk/RyaKWP0PTKyWtmLSM0b+adUTEvbs1PEaH2w=="
    },
    "packet-reader": {
      "version": "1.0.0",
      "resolved": "https://registry.npmjs.org/packet-reader/-/packet-reader-1.0.0.tgz",
      "integrity": "sha512-HAKu/fG3HpHFO0AA8WE8q2g+gBJaZ9MG7fcKk+IJPLTGAD6Psw4443l+9DGRbOIh3/aXr7Phy0TjilYivJo5XQ=="
    },
    "pg": {
      "version": "8.3.0",
      "resolved": "https://registry.npmjs.org/pg/-/pg-8.3.0.tgz",
      "integrity": "sha512-jQPKWHWxbI09s/Z9aUvoTbvGgoj98AU7FDCcQ7kdejupn/TcNpx56v2gaOTzXkzOajmOEJEdi9eTh9cA2RVAjQ==",
      "requires": {
        "buffer-writer": "2.0.0",
        "packet-reader": "1.0.0",
        "pg-connection-string": "^2.3.0",
        "pg-pool": "^3.2.1",
        "pg-protocol": "^1.2.5",
        "pg-types": "^2.1.0",
        "pgpass": "1.x",
        "semver": "4.3.2"
      },
      "dependencies": {
        "semver": {
          "version": "4.3.2",
          "resolved": "https://registry.npmjs.org/semver/-/semver-4.3.2.tgz",
          "integrity": "sha1-x6BxWKgL7dBSNVt3DYLWZA+AO+c="
        }
      }
    },
    "pg-connection-string": {
      "version": "2.3.0",
      "resolved": "https://registry.npmjs.org/pg-connection-string/-/pg-connection-string-2.3.0.tgz",
      "integrity": "sha512-ukMTJXLI7/hZIwTW7hGMZJ0Lj0S2XQBCJ4Shv4y1zgQ/vqVea+FLhzywvPj0ujSuofu+yA4MYHGZPTsgjBgJ+w=="
    },
    "pg-hstore": {
      "version": "2.3.3",
      "resolved": "https://registry.npmjs.org/pg-hstore/-/pg-hstore-2.3.3.tgz",
      "integrity": "sha512-qpeTpdkguFgfdoidtfeTho1Q1zPVPbtMHgs8eQ+Aan05iLmIs3Z3oo5DOZRclPGoQ4i68I1kCtQSJSa7i0ZVYg==",
      "requires": {
        "underscore": "^1.7.0"
      }
    },
    "pg-int8": {
      "version": "1.0.1",
      "resolved": "https://registry.npmjs.org/pg-int8/-/pg-int8-1.0.1.tgz",
      "integrity": "sha512-WCtabS6t3c8SkpDBUlb1kjOs7l66xsGdKpIPZsg4wR+B3+u9UAum2odSsF9tnvxg80h4ZxLWMy4pRjOsFIqQpw=="
    },
    "pg-pool": {
      "version": "3.2.1",
      "resolved": "https://registry.npmjs.org/pg-pool/-/pg-pool-3.2.1.tgz",
      "integrity": "sha512-BQDPWUeKenVrMMDN9opfns/kZo4lxmSWhIqo+cSAF7+lfi9ZclQbr9vfnlNaPr8wYF3UYjm5X0yPAhbcgqNOdA=="
    },
    "pg-protocol": {
      "version": "1.2.5",
      "resolved": "https://registry.npmjs.org/pg-protocol/-/pg-protocol-1.2.5.tgz",
      "integrity": "sha512-1uYCckkuTfzz/FCefvavRywkowa6M5FohNMF5OjKrqo9PSR8gYc8poVmwwYQaBxhmQdBjhtP514eXy9/Us2xKg=="
    },
    "pg-types": {
      "version": "2.2.0",
      "resolved": "https://registry.npmjs.org/pg-types/-/pg-types-2.2.0.tgz",
      "integrity": "sha512-qTAAlrEsl8s4OiEQY69wDvcMIdQN6wdz5ojQiOy6YRMuynxenON0O5oCpJI6lshc6scgAY8qvJ2On/p+CXY0GA==",
      "requires": {
        "pg-int8": "1.0.1",
        "postgres-array": "~2.0.0",
        "postgres-bytea": "~1.0.0",
        "postgres-date": "~1.0.4",
        "postgres-interval": "^1.1.0"
      }
    },
    "pgpass": {
      "version": "1.0.2",
      "resolved": "https://registry.npmjs.org/pgpass/-/pgpass-1.0.2.tgz",
      "integrity": "sha1-Knu0G2BltnkH6R2hsHwYR8h3swY=",
      "requires": {
        "split": "^1.0.0"
      }
    },
    "postgres-array": {
      "version": "2.0.0",
      "resolved": "https://registry.npmjs.org/postgres-array/-/postgres-array-2.0.0.tgz",
      "integrity": "sha512-VpZrUqU5A69eQyW2c5CA1jtLecCsN2U/bD6VilrFDWq5+5UIEVO7nazS3TEcHf1zuPYO/sqGvUvW62g86RXZuA=="
    },
    "postgres-bytea": {
      "version": "1.0.0",
      "resolved": "https://registry.npmjs.org/postgres-bytea/-/postgres-bytea-1.0.0.tgz",
      "integrity": "sha1-AntTPAqokOJtFy1Hz5zOzFIazTU="
    },
    "postgres-date": {
      "version": "1.0.5",
      "resolved": "https://registry.npmjs.org/postgres-date/-/postgres-date-1.0.5.tgz",
      "integrity": "sha512-pdau6GRPERdAYUQwkBnGKxEfPyhVZXG/JiS44iZWiNdSOWE09N2lUgN6yshuq6fVSon4Pm0VMXd1srUUkLe9iA=="
    },
    "postgres-interval": {
      "version": "1.2.0",
      "resolved": "https://registry.npmjs.org/postgres-interval/-/postgres-interval-1.2.0.tgz",
      "integrity": "sha512-9ZhXKM/rw350N1ovuWHbGxnGh/SNJ4cnxHiM0rxE4VN41wsg8P8zWn9hv/buK00RP4WvlOyr/RBDiptyxVbkZQ==",
      "requires": {
        "xtend": "^4.0.0"
      }
    },
    "retry-as-promised": {
      "version": "3.2.0",
      "resolved": "https://registry.npmjs.org/retry-as-promised/-/retry-as-promised-3.2.0.tgz",
      "integrity": "sha512-CybGs60B7oYU/qSQ6kuaFmRd9sTZ6oXSc0toqePvV74Ac6/IFZSI1ReFQmtCN+uvW1Mtqdwpvt/LGOiCBAY2Mg==",
      "requires": {
        "any-promise": "^1.3.0"
      }
    },
    "semver": {
      "version": "7.3.2",
      "resolved": "https://registry.npmjs.org/semver/-/semver-7.3.2.tgz",
      "integrity": "sha512-OrOb32TeeambH6UrhtShmF7CRDqhL6/5XpPNp2DuRH6+9QLw/orhp72j87v8Qa1ScDkvrrBNpZcDejAirJmfXQ=="
    },
    "sequelize": {
      "version": "6.3.3",
      "resolved": "https://registry.npmjs.org/sequelize/-/sequelize-6.3.3.tgz",
      "integrity": "sha512-WO/b1ehjSFKlBCHzwZoaPhoW3WyXXy9x74yPrOP8NpE67wzbv0dIucDO4a+THLVyl3lnv3nFMZdJRdkUgb/ZAw==",
      "requires": {
        "debug": "^4.1.1",
        "dottie": "^2.0.0",
        "inflection": "1.12.0",
        "lodash": "^4.17.15",
        "moment": "^2.26.0",
        "moment-timezone": "^0.5.31",
        "retry-as-promised": "^3.2.0",
        "semver": "^7.3.2",
        "sequelize-pool": "^6.0.0",
        "toposort-class": "^1.0.1",
        "uuid": "^8.1.0",
        "validator": "^10.11.0",
        "wkx": "^0.5.0"
      }
    },
    "sequelize-pool": {
      "version": "6.1.0",
      "resolved": "https://registry.npmjs.org/sequelize-pool/-/sequelize-pool-6.1.0.tgz",
      "integrity": "sha512-4YwEw3ZgK/tY/so+GfnSgXkdwIJJ1I32uZJztIEgZeAO6HMgj64OzySbWLgxj+tXhZCJnzRfkY9gINw8Ft8ZMg=="
    },
    "split": {
      "version": "1.0.1",
      "resolved": "https://registry.npmjs.org/split/-/split-1.0.1.tgz",
      "integrity": "sha512-mTyOoPbrivtXnwnIxZRFYRrPNtEFKlpB2fvjSnCQUiAA6qAZzqwna5envK4uk6OIeP17CsdF3rSBGYVBsU0Tkg==",
      "requires": {
        "through": "2"
      }
    },
    "through": {
      "version": "2.3.8",
      "resolved": "https://registry.npmjs.org/through/-/through-2.3.8.tgz",
      "integrity": "sha1-DdTJ/6q8NXlgsbckEV1+Doai4fU="
    },
    "toposort-class": {
      "version": "1.0.1",
      "resolved": "https://registry.npmjs.org/toposort-class/-/toposort-class-1.0.1.tgz",
      "integrity": "sha1-f/0feMi+KMO6Rc1OGj9e4ZO9mYg="
    },
    "underscore": {
      "version": "1.10.2",
      "resolved": "https://registry.npmjs.org/underscore/-/underscore-1.10.2.tgz",
      "integrity": "sha512-N4P+Q/BuyuEKFJ43B9gYuOj4TQUHXX+j2FqguVOpjkssLUUrnJofCcBccJSCoeturDoZU6GorDTHSvUDlSQbTg=="
    },
    "uuid": {
      "version": "8.2.0",
      "resolved": "https://registry.npmjs.org/uuid/-/uuid-8.2.0.tgz",
      "integrity": "sha512-CYpGiFTUrmI6OBMkAdjSDM0k5h8SkkiTP4WAjQgDgNB1S3Ou9VBEvr6q0Kv2H1mMk7IWfxYGpMH5sd5AvcIV2Q=="
    },
    "validator": {
      "version": "10.11.0",
      "resolved": "https://registry.npmjs.org/validator/-/validator-10.11.0.tgz",
      "integrity": "sha512-X/p3UZerAIsbBfN/IwahhYaBbY68EN/UQBWHtsbXGT5bfrH/p4NQzUCG1kF/rtKaNpnJ7jAu6NGTdSNtyNIXMw=="
    },
    "wkx": {
      "version": "0.5.0",
      "resolved": "https://registry.npmjs.org/wkx/-/wkx-0.5.0.tgz",
      "integrity": "sha512-Xng/d4Ichh8uN4l0FToV/258EjMGU9MGcA0HV2d9B/ZpZB3lqQm7nkOdZdm5GhKtLLhAE7PiVQwN4eN+2YJJUg==",
      "requires": {
        "@types/node": "*"
      }
    },
    "xtend": {
      "version": "4.0.2",
      "resolved": "https://registry.npmjs.org/xtend/-/xtend-4.0.2.tgz",
      "integrity": "sha512-LKYU1iAXJXUgAXn9URjiu+MWhyUXHsvfp7mcuYm9dSUKK0/CjtrUwFAxD82/mCWbtLsGjFIad0wIsod4zrTAEQ=="
    }
  }
}
